{
  "version": 4,
  "terraform_version": "1.3.0",
  "serial": 4,
  "lineage": "31f569c6-20df-194d-b334-cf703a6141c8",
  "outputs": {},
  "resources": [
    {
      "module": "module.myaws1",
      "mode": "managed",
      "type": "aws_s3_bucket",
      "name": "mybucket1",
      "provider": "module.myaws1.provider[\"registry.terraform.io/hashicorp/aws\"]",
      "instances": [
        {
          "schema_version": 0,
          "attributes": {
            "acceleration_status": "",
            "acl": null,
            "arn": "arn:aws:s3:::bucket-lunch-time-pavan",
            "bucket": "bucket-lunch-time-pavan",
            "bucket_domain_name": "bucket-lunch-time-pavan.s3.amazonaws.com",
            "bucket_prefix": null,
            "bucket_regional_domain_name": "bucket-lunch-time-pavan.s3.ap-northeast-1.amazonaws.com",
            "cors_rule": [],
            "force_destroy": false,
            "grant": [
              {
                "id": "f251b268b395f296fcc9586e5b1497c80892918d536f5185b501990ef369bf02",
                "permissions": [
                  "FULL_CONTROL"
                ],
                "type": "CanonicalUser",
                "uri": ""
              }
            ],
            "hosted_zone_id": "Z2M4EHUR26P7ZW",
            "id": "bucket-lunch-time-pavan",
            "lifecycle_rule": [],
            "logging": [],
            "object_lock_configuration": [],
            "object_lock_enabled": false,
            "policy": "",
            "region": "ap-northeast-1",
            "replication_configuration": [],
            "request_payer": "BucketOwner",
            "server_side_encryption_configuration": [],
            "tags": {
              "Environment": "Development",
              "Trainer": "Pavan"
            },
            "tags_all": {
              "Environment": "Development",
              "Trainer": "Pavan"
            },
            "timeouts": null,
            "versioning": [
              {
                "enabled": false,
                "mfa_delete": false
              }
            ],
            "website": [],
            "website_domain": null,
            "website_endpoint": null
          },
          "sensitive_attributes": [],
          "private": "eyJlMmJmYjczMC1lY2FhLTExZTYtOGY4OC0zNDM2M2JjN2M0YzAiOnsiY3JlYXRlIjoxMjAwMDAwMDAwMDAwLCJkZWxldGUiOjM2MDAwMDAwMDAwMDAsInJlYWQiOjEyMDAwMDAwMDAwMDAsInVwZGF0ZSI6MTIwMDAwMDAwMDAwMH19"
        }
      ]
    },
    {
      "module": "module.myaws1",
      "mode": "managed",
      "type": "aws_s3_bucket_acl",
      "name": "myacl1",
      "provider": "module.myaws1.provider[\"registry.terraform.io/hashicorp/aws\"]",
      "instances": [
        {
          "schema_version": 0,
          "attributes": {
            "access_control_policy": [
              {
                "grant": [
                  {
                    "grantee": [
                      {
                        "display_name": "ali.sharief",
                        "email_address": "",
                        "id": "f251b268b395f296fcc9586e5b1497c80892918d536f5185b501990ef369bf02",
                        "type": "CanonicalUser",
                        "uri": ""
                      }
                    ],
                    "permission": "FULL_CONTROL"
                  }
                ],
                "owner": [
                  {
                    "display_name": "ali.sharief",
                    "id": "f251b268b395f296fcc9586e5b1497c80892918d536f5185b501990ef369bf02"
                  }
                ]
              }
            ],
            "acl": "private",
            "bucket": "bucket-lunch-time-pavan",
            "expected_bucket_owner": "",
            "id": "bucket-lunch-time-pavan,private"
          },
          "sensitive_attributes": [],
          "private": "bnVsbA==",
          "dependencies": [
            "module.myaws1.aws_s3_bucket.mybucket1"
          ]
        }
      ]
    },
    {
      "module": "module.myazure1",
      "mode": "managed",
      "type": "azurerm_resource_group",
      "name": "myRG",
      "provider": "module.myazure1.provider[\"registry.terraform.io/hashicorp/azurerm\"]",
      "instances": [
        {
          "schema_version": 0,
          "attributes": {
            "id": "/subscriptions/2b8869ad-7981-4f85-9f5e-fe461f7dbb17/resourceGroups/MyTrainingRG",
            "location": "eastus2",
            "name": "MyTrainingRG",
            "tags": null,
            "timeouts": null
          },
          "sensitive_attributes": [],
          "private": "eyJlMmJmYjczMC1lY2FhLTExZTYtOGY4OC0zNDM2M2JjN2M0YzAiOnsiY3JlYXRlIjo1NDAwMDAwMDAwMDAwLCJkZWxldGUiOjU0MDAwMDAwMDAwMDAsInJlYWQiOjMwMDAwMDAwMDAwMCwidXBkYXRlIjo1NDAwMDAwMDAwMDAwfX0="
        }
      ]
    }
  ],
  "check_results": []
}
