{
  "version": 4,
  "terraform_version": "1.3.0",
  "serial": 3,
  "lineage": "9bd40e98-bf0f-3fbf-d4d0-08f4a68fbef3",
  "outputs": {},
  "resources": [
    {
      "mode": "managed",
      "type": "aws_internet_gateway",
      "name": "mygateway",
      "provider": "provider[\"registry.terraform.io/hashicorp/aws\"]",
      "instances": [
        {
          "schema_version": 0,
          "attributes": {
            "arn": "arn:aws:ec2:ap-northeast-1:915719232719:internet-gateway/igw-04c9d70eb95f51e04",
            "id": "igw-04c9d70eb95f51e04",
            "owner_id": "915719232719",
            "tags": {
              "Name": "Satya_Gateway"
            },
            "tags_all": {
              "Name": "Satya_Gateway"
            },
            "timeouts": null,
            "vpc_id": "vpc-0d10c3929d2fe3bdc"
          },
          "sensitive_attributes": [],
          "private": "eyJlMmJmYjczMC1lY2FhLTExZTYtOGY4OC0zNDM2M2JjN2M0YzAiOnsiY3JlYXRlIjoxMjAwMDAwMDAwMDAwLCJkZWxldGUiOjEyMDAwMDAwMDAwMDAsInVwZGF0ZSI6MTIwMDAwMDAwMDAwMH19",
          "dependencies": [
            "aws_vpc.myvpc"
          ]
        }
      ]
    },
    {
      "mode": "managed",
      "type": "aws_vpc",
      "name": "myvpc",
      "provider": "provider[\"registry.terraform.io/hashicorp/aws\"]",
      "instances": [
        {
          "schema_version": 1,
          "attributes": {
            "arn": "arn:aws:ec2:ap-northeast-1:915719232719:vpc/vpc-0d10c3929d2fe3bdc",
            "assign_generated_ipv6_cidr_block": false,
            "cidr_block": "100.0.0.0/16",
            "default_network_acl_id": "acl-04f2f7c08bbb4ee13",
            "default_route_table_id": "rtb-03d09c2dc3c3b5670",
            "default_security_group_id": "sg-069d2b355d0591b47",
            "dhcp_options_id": "dopt-0c1cfff56667e50d5",
            "enable_classiclink": false,
            "enable_classiclink_dns_support": false,
            "enable_dns_hostnames": false,
            "enable_dns_support": true,
            "id": "vpc-0d10c3929d2fe3bdc",
            "instance_tenancy": "default",
            "ipv4_ipam_pool_id": null,
            "ipv4_netmask_length": null,
            "ipv6_association_id": "",
            "ipv6_cidr_block": "",
            "ipv6_cidr_block_network_border_group": "",
            "ipv6_ipam_pool_id": "",
            "ipv6_netmask_length": 0,
            "main_route_table_id": "rtb-03d09c2dc3c3b5670",
            "owner_id": "915719232719",
            "tags": {
              "Name": "Satya_VPC"
            },
            "tags_all": {
              "Name": "Satya_VPC"
            }
          },
          "sensitive_attributes": [],
          "private": "eyJzY2hlbWFfdmVyc2lvbiI6IjEifQ=="
        }
      ]
    }
  ],
  "check_results": []
}
