{
  "version": 4,
  "terraform_version": "1.3.0",
  "serial": 3,
  "lineage": "7e20f2ae-5b96-1890-9d14-4afcf7fbdb17",
  "outputs": {},
  "resources": [
    {
      "mode": "managed",
      "type": "linux_file",
      "name": "filecreation1",
      "provider": "provider[\"registry.terraform.io/mavidser/linux\"]",
      "instances": [
        {
          "schema_version": 0,
          "attributes": {
            "content": "",
            "id": "/tmp/automation.txt",
            "owner": "pavan:pavan",
            "path": "/tmp/automation.txt",
            "permissions": 666
          },
          "sensitive_attributes": [],
          "private": "bnVsbA==",
          "dependencies": [
            "linux_user.usercreation1"
          ]
        }
      ]
    },
    {
      "mode": "managed",
      "type": "linux_user",
      "name": "usercreation1",
      "provider": "provider[\"registry.terraform.io/mavidser/linux\"]",
      "instances": [
        {
          "schema_version": 0,
          "attributes": {
            "gid": 3000,
            "id": "3000",
            "name": "pavan",
            "system": false,
            "uid": 3000
          },
          "sensitive_attributes": [],
          "private": "bnVsbA=="
        }
      ]
    }
  ],
  "check_results": []
}
