{
  "version": 4,
  "terraform_version": "1.3.0",
  "serial": 7,
  "lineage": "8729187a-5dc5-b8a9-51f5-8ae919f84768",
  "outputs": {},
  "resources": [
    {
      "mode": "managed",
      "type": "github_repository",
      "name": "myrepo",
      "provider": "provider[\"registry.terraform.io/integrations/github\"]",
      "instances": [
        {
          "schema_version": 0,
          "attributes": {
            "allow_auto_merge": false,
            "allow_merge_commit": true,
            "allow_rebase_merge": true,
            "allow_squash_merge": true,
            "archive_on_destroy": null,
            "archived": false,
            "auto_init": null,
            "default_branch": "main",
            "delete_branch_on_merge": false,
            "description": "",
            "etag": "W/\"d895f14981bb56175793e4b24208651f4ff7ae80dbc58e496985f06ea95b908b\"",
            "full_name": "SatyaPrakash3636/accentureTerraformTest",
            "git_clone_url": "git://github.com/SatyaPrakash3636/accentureTerraformTest.git",
            "gitignore_template": null,
            "has_downloads": false,
            "has_issues": false,
            "has_projects": false,
            "has_wiki": false,
            "homepage_url": "",
            "html_url": "https://github.com/SatyaPrakash3636/accentureTerraformTest",
            "http_clone_url": "https://github.com/SatyaPrakash3636/accentureTerraformTest.git",
            "id": "accentureTerraformTest",
            "ignore_vulnerability_alerts_during_read": null,
            "is_template": false,
            "license_template": null,
            "merge_commit_message": "PR_TITLE",
            "merge_commit_title": "MERGE_MESSAGE",
            "name": "accentureTerraformTest",
            "node_id": "R_kgDOIEd22Q",
            "pages": [],
            "private": true,
            "repo_id": 541554393,
            "squash_merge_commit_message": "COMMIT_MESSAGES",
            "squash_merge_commit_title": "COMMIT_OR_PR_TITLE",
            "ssh_clone_url": "git@github.com:SatyaPrakash3636/accentureTerraformTest.git",
            "svn_url": "https://github.com/SatyaPrakash3636/accentureTerraformTest",
            "template": [],
            "topics": null,
            "visibility": "private",
            "vulnerability_alerts": false
          },
          "sensitive_attributes": [],
          "private": "bnVsbA=="
        }
      ]
    },
    {
      "mode": "managed",
      "type": "github_repository",
      "name": "myrepo1",
      "provider": "provider[\"registry.terraform.io/integrations/github\"]",
      "instances": [
        {
          "schema_version": 0,
          "attributes": {
            "allow_auto_merge": false,
            "allow_merge_commit": true,
            "allow_rebase_merge": true,
            "allow_squash_merge": true,
            "archive_on_destroy": null,
            "archived": false,
            "auto_init": null,
            "default_branch": "main",
            "delete_branch_on_merge": false,
            "description": "",
            "etag": "W/\"b5f4e32289a1325e4160848a48f241ee37a409ec67970ebfb43118d0b31edc95\"",
            "full_name": "SatyaPrakash3636/accentureTerraformProd",
            "git_clone_url": "git://github.com/SatyaPrakash3636/accentureTerraformProd.git",
            "gitignore_template": null,
            "has_downloads": false,
            "has_issues": false,
            "has_projects": false,
            "has_wiki": false,
            "homepage_url": "",
            "html_url": "https://github.com/SatyaPrakash3636/accentureTerraformProd",
            "http_clone_url": "https://github.com/SatyaPrakash3636/accentureTerraformProd.git",
            "id": "accentureTerraformProd",
            "ignore_vulnerability_alerts_during_read": null,
            "is_template": false,
            "license_template": null,
            "merge_commit_message": "PR_TITLE",
            "merge_commit_title": "MERGE_MESSAGE",
            "name": "accentureTerraformProd",
            "node_id": "R_kgDOIEd-8w",
            "pages": [],
            "private": false,
            "repo_id": 541556467,
            "squash_merge_commit_message": "COMMIT_MESSAGES",
            "squash_merge_commit_title": "COMMIT_OR_PR_TITLE",
            "ssh_clone_url": "git@github.com:SatyaPrakash3636/accentureTerraformProd.git",
            "svn_url": "https://github.com/SatyaPrakash3636/accentureTerraformProd",
            "template": [],
            "topics": null,
            "visibility": "public",
            "vulnerability_alerts": false
          },
          "sensitive_attributes": [],
          "private": "bnVsbA=="
        }
      ]
    }
  ],
  "check_results": []
}
